
Microsoft Visual Studio Solution File, Format Version 12.00
# Visual Studio 15
VisualStudioVersion = 15.0.28307.168
MinimumVisualStudioVersion = 10.0.40219.1
Project("{8BC9CEB8-8B4A-11D0-8D11-00A0C91BC942}") = "SpaceInvader", "SpaceInvader\SpaceInvader.vcxproj", "{ADF615BB-0ADF-4DBF-8610-FF51CE34334C}"
EndProject
Global
	GlobalSection(Performance) = preSolution
		HasPerformanceSessions = true
	EndGlobalSection
	GlobalSection(SolutionConfigurationPlatforms) = preSolution
		Debug|x64 = Debug|x64
		Debug|x86 = Debug|x86
		Release|x64 = Release|x64
		Release|x86 = Release|x86
	EndGlobalSection
	GlobalSection(ProjectConfigurationPlatforms) = postSolution
		{ADF615BB-0ADF-4DBF-8610-FF51CE34334C}.Debug|x64.ActiveCfg = Debug|x64
		{ADF615BB-0ADF-4DBF-8610-FF51CE34334C}.Debug|x64.Build.0 = Debug|x64
		{ADF615BB-0ADF-4DBF-8610-FF51CE34334C}.Debug|x86.ActiveCfg = Debug|Win32
		{ADF615BB-0ADF-4DBF-8610-FF51CE34334C}.Debug|x86.Build.0 = Debug|Win32
		{ADF615BB-0ADF-4DBF-8610-FF51CE34334C}.Release|x64.ActiveCfg = Release|x64
		{ADF615BB-0ADF-4DBF-8610-FF51CE34334C}.Release|x64.Build.0 = Release|x64
		{ADF615BB-0ADF-4DBF-8610-FF51CE34334C}.Release|x86.ActiveCfg = Release|Win32
		{ADF615BB-0ADF-4DBF-8610-FF51CE34334C}.Release|x86.Build.0 = Release|Win32
	EndGlobalSection
	GlobalSection(SolutionProperties) = preSolution
		HideSolutionNode = FALSE
	EndGlobalSection
	GlobalSection(ExtensibilityGlobals) = postSolution
		SolutionGuid = {9A653C4A-C1DE-4104-A72F-E07B3F9265BA}
	EndGlobalSection
EndGlobal
